
Microsoft Visual Studio Solution File, Format Version 12.00
# Visual Studio Version 16
VisualStudioVersion = 16.0.31112.23
MinimumVisualStudioVersion = 10.0.40219.1
Project("{FAE04EC0-301F-11D3-BF4B-00C04F79EFBC}") = "Astar 길찾기 알고리즘", "Astar 길찾기 알고리즘.csproj", "{95459BD1-BE41-486A-9148-15D509803CA5}"
EndProject
Global
	GlobalSection(SolutionConfigurationPlatforms) = preSolution
		Debug|Any CPU = Debug|Any CPU
		Release|Any CPU = Release|Any CPU
	EndGlobalSection
	GlobalSection(ProjectConfigurationPlatforms) = postSolution
		{95459BD1-BE41-486A-9148-15D509803CA5}.Debug|Any CPU.ActiveCfg = Debug|Any CPU
		{95459BD1-BE41-486A-9148-15D509803CA5}.Debug|Any CPU.Build.0 = Debug|Any CPU
		{95459BD1-BE41-486A-9148-15D509803CA5}.Release|Any CPU.ActiveCfg = Release|Any CPU
		{95459BD1-BE41-486A-9148-15D509803CA5}.Release|Any CPU.Build.0 = Release|Any CPU
	EndGlobalSection
	GlobalSection(SolutionProperties) = preSolution
		HideSolutionNode = FALSE
	EndGlobalSection
	GlobalSection(ExtensibilityGlobals) = postSolution
		SolutionGuid = {57BB9303-9802-4334-A56D-807B51A8764E}
	EndGlobalSection
EndGlobal
