
Microsoft Visual Studio Solution File, Format Version 12.00
# Visual Studio Version 16
VisualStudioVersion = 16.0.31112.23
MinimumVisualStudioVersion = 10.0.40219.1
Project("{FAE04EC0-301F-11D3-BF4B-00C04F79EFBC}") = "트리 우선순위 큐 마무리", "트리 우선순위 큐 마무리.csproj", "{96DEC34D-4013-41CE-8CD6-8C0BD90CF077}"
EndProject
Global
	GlobalSection(SolutionConfigurationPlatforms) = preSolution
		Debug|Any CPU = Debug|Any CPU
		Release|Any CPU = Release|Any CPU
	EndGlobalSection
	GlobalSection(ProjectConfigurationPlatforms) = postSolution
		{96DEC34D-4013-41CE-8CD6-8C0BD90CF077}.Debug|Any CPU.ActiveCfg = Debug|Any CPU
		{96DEC34D-4013-41CE-8CD6-8C0BD90CF077}.Debug|Any CPU.Build.0 = Debug|Any CPU
		{96DEC34D-4013-41CE-8CD6-8C0BD90CF077}.Release|Any CPU.ActiveCfg = Release|Any CPU
		{96DEC34D-4013-41CE-8CD6-8C0BD90CF077}.Release|Any CPU.Build.0 = Release|Any CPU
	EndGlobalSection
	GlobalSection(SolutionProperties) = preSolution
		HideSolutionNode = FALSE
	EndGlobalSection
	GlobalSection(ExtensibilityGlobals) = postSolution
		SolutionGuid = {3F83C2C4-37EF-4186-BD1D-4738751E30A9}
	EndGlobalSection
EndGlobal
