
Microsoft Visual Studio Solution File, Format Version 12.00
# Visual Studio Version 16
VisualStudioVersion = 16.0.31112.23
MinimumVisualStudioVersion = 10.0.40219.1
Project("{FAE04EC0-301F-11D3-BF4B-00C04F79EFBC}") = "Part2 개론 환경 설정", "Part2 개론 환경 설정.csproj", "{B31C1804-B8FC-4949-9C67-0A262E068572}"
EndProject
Global
	GlobalSection(SolutionConfigurationPlatforms) = preSolution
		Debug|Any CPU = Debug|Any CPU
		Release|Any CPU = Release|Any CPU
	EndGlobalSection
	GlobalSection(ProjectConfigurationPlatforms) = postSolution
		{B31C1804-B8FC-4949-9C67-0A262E068572}.Debug|Any CPU.ActiveCfg = Debug|Any CPU
		{B31C1804-B8FC-4949-9C67-0A262E068572}.Debug|Any CPU.Build.0 = Debug|Any CPU
		{B31C1804-B8FC-4949-9C67-0A262E068572}.Release|Any CPU.ActiveCfg = Release|Any CPU
		{B31C1804-B8FC-4949-9C67-0A262E068572}.Release|Any CPU.Build.0 = Release|Any CPU
	EndGlobalSection
	GlobalSection(SolutionProperties) = preSolution
		HideSolutionNode = FALSE
	EndGlobalSection
	GlobalSection(ExtensibilityGlobals) = postSolution
		SolutionGuid = {13E67B5F-3E3C-47DE-9106-44FDB9F7563F}
	EndGlobalSection
EndGlobal
