
Microsoft Visual Studio Solution File, Format Version 12.00
# Visual Studio Version 16
VisualStudioVersion = 16.0.31112.23
MinimumVisualStudioVersion = 10.0.40219.1
Project("{FAE04EC0-301F-11D3-BF4B-00C04F79EFBC}") = "그래프 BFS를 이용한 길찾기 구현", "그래프 BFS를 이용한 길찾기 구현.csproj", "{0A9A228F-3EE3-422B-BB8A-467B355E435E}"
EndProject
Global
	GlobalSection(SolutionConfigurationPlatforms) = preSolution
		Debug|Any CPU = Debug|Any CPU
		Release|Any CPU = Release|Any CPU
	EndGlobalSection
	GlobalSection(ProjectConfigurationPlatforms) = postSolution
		{0A9A228F-3EE3-422B-BB8A-467B355E435E}.Debug|Any CPU.ActiveCfg = Debug|Any CPU
		{0A9A228F-3EE3-422B-BB8A-467B355E435E}.Debug|Any CPU.Build.0 = Debug|Any CPU
		{0A9A228F-3EE3-422B-BB8A-467B355E435E}.Release|Any CPU.ActiveCfg = Release|Any CPU
		{0A9A228F-3EE3-422B-BB8A-467B355E435E}.Release|Any CPU.Build.0 = Release|Any CPU
	EndGlobalSection
	GlobalSection(SolutionProperties) = preSolution
		HideSolutionNode = FALSE
	EndGlobalSection
	GlobalSection(ExtensibilityGlobals) = postSolution
		SolutionGuid = {D6BE6EBF-4FC1-49E8-B285-37D9E431CA78}
	EndGlobalSection
EndGlobal
