
Microsoft Visual Studio Solution File, Format Version 12.00
# Visual Studio Version 16
VisualStudioVersion = 16.0.31112.23
MinimumVisualStudioVersion = 10.0.40219.1
Project("{FAE04EC0-301F-11D3-BF4B-00C04F79EFBC}") = "Part2 선형 자료 기초 동적 배열 구현 연습", "Part2 선형 자료 기초 동적 배열 구현 연습.csproj", "{72F6ED86-813C-419B-80BA-1E0496DB0C69}"
EndProject
Global
	GlobalSection(SolutionConfigurationPlatforms) = preSolution
		Debug|Any CPU = Debug|Any CPU
		Release|Any CPU = Release|Any CPU
	EndGlobalSection
	GlobalSection(ProjectConfigurationPlatforms) = postSolution
		{72F6ED86-813C-419B-80BA-1E0496DB0C69}.Debug|Any CPU.ActiveCfg = Debug|Any CPU
		{72F6ED86-813C-419B-80BA-1E0496DB0C69}.Debug|Any CPU.Build.0 = Debug|Any CPU
		{72F6ED86-813C-419B-80BA-1E0496DB0C69}.Release|Any CPU.ActiveCfg = Release|Any CPU
		{72F6ED86-813C-419B-80BA-1E0496DB0C69}.Release|Any CPU.Build.0 = Release|Any CPU
	EndGlobalSection
	GlobalSection(SolutionProperties) = preSolution
		HideSolutionNode = FALSE
	EndGlobalSection
	GlobalSection(ExtensibilityGlobals) = postSolution
		SolutionGuid = {5B83F705-BDD1-4380-BC72-ECCD03F8C9F6}
	EndGlobalSection
EndGlobal
