
Microsoft Visual Studio Solution File, Format Version 12.00
# Visual Studio Version 16
VisualStudioVersion = 16.0.31112.23
MinimumVisualStudioVersion = 10.0.40219.1
Project("{FAE04EC0-301F-11D3-BF4B-00C04F79EFBC}") = "트리 트리 구현 연습", "트리 트리 구현 연습.csproj", "{D5CBAB1F-614D-489E-B6B3-56C5029B0A1D}"
EndProject
Global
	GlobalSection(SolutionConfigurationPlatforms) = preSolution
		Debug|Any CPU = Debug|Any CPU
		Release|Any CPU = Release|Any CPU
	EndGlobalSection
	GlobalSection(ProjectConfigurationPlatforms) = postSolution
		{D5CBAB1F-614D-489E-B6B3-56C5029B0A1D}.Debug|Any CPU.ActiveCfg = Debug|Any CPU
		{D5CBAB1F-614D-489E-B6B3-56C5029B0A1D}.Debug|Any CPU.Build.0 = Debug|Any CPU
		{D5CBAB1F-614D-489E-B6B3-56C5029B0A1D}.Release|Any CPU.ActiveCfg = Release|Any CPU
		{D5CBAB1F-614D-489E-B6B3-56C5029B0A1D}.Release|Any CPU.Build.0 = Release|Any CPU
	EndGlobalSection
	GlobalSection(SolutionProperties) = preSolution
		HideSolutionNode = FALSE
	EndGlobalSection
	GlobalSection(ExtensibilityGlobals) = postSolution
		SolutionGuid = {BC3AD4AF-4F5C-4084-AC65-AFB427485456}
	EndGlobalSection
EndGlobal
