
Microsoft Visual Studio Solution File, Format Version 12.00
# Visual Studio Version 16
VisualStudioVersion = 16.0.31112.23
MinimumVisualStudioVersion = 10.0.40219.1
Project("{FAE04EC0-301F-11D3-BF4B-00C04F79EFBC}") = "미로 준비 오른손 법칙", "미로 준비 오른손 법칙.csproj", "{0F9A9712-6A7B-4420-987F-830ACE40F460}"
EndProject
Global
	GlobalSection(SolutionConfigurationPlatforms) = preSolution
		Debug|Any CPU = Debug|Any CPU
		Release|Any CPU = Release|Any CPU
	EndGlobalSection
	GlobalSection(ProjectConfigurationPlatforms) = postSolution
		{0F9A9712-6A7B-4420-987F-830ACE40F460}.Debug|Any CPU.ActiveCfg = Debug|Any CPU
		{0F9A9712-6A7B-4420-987F-830ACE40F460}.Debug|Any CPU.Build.0 = Debug|Any CPU
		{0F9A9712-6A7B-4420-987F-830ACE40F460}.Release|Any CPU.ActiveCfg = Release|Any CPU
		{0F9A9712-6A7B-4420-987F-830ACE40F460}.Release|Any CPU.Build.0 = Release|Any CPU
	EndGlobalSection
	GlobalSection(SolutionProperties) = preSolution
		HideSolutionNode = FALSE
	EndGlobalSection
	GlobalSection(ExtensibilityGlobals) = postSolution
		SolutionGuid = {A78BB014-5538-4DB2-88D7-64510ACC26FE}
	EndGlobalSection
EndGlobal
