
Microsoft Visual Studio Solution File, Format Version 12.00
# Visual Studio Version 16
VisualStudioVersion = 16.0.31112.23
MinimumVisualStudioVersion = 10.0.40219.1
Project("{FAE04EC0-301F-11D3-BF4B-00C04F79EFBC}") = "선형 자료 기초 연결 리스트 구현 연습", "선형 자료 기초 연결 리스트 구현 연습.csproj", "{39E391D8-F1DA-489E-8275-31DAC39D9024}"
EndProject
Global
	GlobalSection(SolutionConfigurationPlatforms) = preSolution
		Debug|Any CPU = Debug|Any CPU
		Release|Any CPU = Release|Any CPU
	EndGlobalSection
	GlobalSection(ProjectConfigurationPlatforms) = postSolution
		{39E391D8-F1DA-489E-8275-31DAC39D9024}.Debug|Any CPU.ActiveCfg = Debug|Any CPU
		{39E391D8-F1DA-489E-8275-31DAC39D9024}.Debug|Any CPU.Build.0 = Debug|Any CPU
		{39E391D8-F1DA-489E-8275-31DAC39D9024}.Release|Any CPU.ActiveCfg = Release|Any CPU
		{39E391D8-F1DA-489E-8275-31DAC39D9024}.Release|Any CPU.Build.0 = Release|Any CPU
	EndGlobalSection
	GlobalSection(SolutionProperties) = preSolution
		HideSolutionNode = FALSE
	EndGlobalSection
	GlobalSection(ExtensibilityGlobals) = postSolution
		SolutionGuid = {7ED0CA97-F7F9-498A-875A-13C420A88E7F}
	EndGlobalSection
EndGlobal
